
Microsoft Visual Studio Solution File, Format Version 12.00
# Visual Studio Version 17
VisualStudioVersion = 17.2.32616.157
MinimumVisualStudioVersion = 10.0.40219.1
Project("{9A19103F-16F7-4668-BE54-9A1E7A4F7556}") = "NIdentity", "NIdentity\NIdentity.csproj", "{80C483D5-9946-4F4D-8809-98DF72209D0B}"
EndProject
Project("{9A19103F-16F7-4668-BE54-9A1E7A4F7556}") = "NIdentity.Core", "NIdentity.Core\NIdentity.Core.csproj", "{20DEB2F2-8CAA-425C-8544-1F51EB9074DD}"
EndProject
Project("{9A19103F-16F7-4668-BE54-9A1E7A4F7556}") = "NIdentity.Core.X509.Server", "NIdentity.Core.X509.Server\NIdentity.Core.X509.Server.csproj", "{14F290A2-E5F2-4C8E-BE09-9C81FDD00F67}"
EndProject
Project("{9A19103F-16F7-4668-BE54-9A1E7A4F7556}") = "NIdentity.Connector", "NIdentity.Connector\NIdentity.Connector.csproj", "{37204167-D776-46D5-BA1A-7E7C869C6D11}"
EndProject
Project("{9A19103F-16F7-4668-BE54-9A1E7A4F7556}") = "NIdentity.Core.X509", "NIdentity.Core.X509\NIdentity.Core.X509.csproj", "{38DA32FC-56C3-4C21-8797-AFE216AC810D}"
EndProject
Project("{2150E333-8FDC-42A3-9474-1A3956D46DE8}") = "X509", "X509", "{F03C860E-539E-4EFD-9A15-FC08BC29562D}"
EndProject
Project("{9A19103F-16F7-4668-BE54-9A1E7A4F7556}") = "NIdentity.Core.Server", "NIdentity.Core.Server\NIdentity.Core.Server.csproj", "{CE65D550-810D-4B60-8663-FE052EB8B52A}"
EndProject
Project("{2150E333-8FDC-42A3-9474-1A3956D46DE8}") = "Core", "Core", "{7AD3E9A1-9BED-44C6-87E8-A66E3E1D61B4}"
EndProject
Project("{9A19103F-16F7-4668-BE54-9A1E7A4F7556}") = "NIdentity.Core.X509.Browser", "NIdentity.Core.X509.Browser\NIdentity.Core.X509.Browser.csproj", "{FC762FBD-C78F-4513-ABFA-D7644C4A37C4}"
EndProject
Project("{9A19103F-16F7-4668-BE54-9A1E7A4F7556}") = "NIdentity.Connector.AspNetCore", "NIdentity.Connector.AspNetCore\NIdentity.Connector.AspNetCore.csproj", "{11EC4FD0-E639-4633-A179-498A47288B5F}"
EndProject
Project("{2150E333-8FDC-42A3-9474-1A3956D46DE8}") = "Endpoint", "Endpoint", "{905CCD8A-8313-4FF6-95A7-640CD850484A}"
EndProject
Project("{2150E333-8FDC-42A3-9474-1A3956D46DE8}") = "Identities", "Identities", "{64FDCBFC-E220-4297-8B28-63521B376333}"
EndProject
Project("{2150E333-8FDC-42A3-9474-1A3956D46DE8}") = "Bearer", "Bearer", "{6AE80060-9A5F-4946-84E5-14C4431FFEEF}"
EndProject
Project("{2150E333-8FDC-42A3-9474-1A3956D46DE8}") = "Basic", "Basic", "{CF4955D7-EE8D-4B8C-9553-9C6E0FC0216B}"
EndProject
Global
	GlobalSection(SolutionConfigurationPlatforms) = preSolution
		Debug|Any CPU = Debug|Any CPU
		Release|Any CPU = Release|Any CPU
	EndGlobalSection
	GlobalSection(ProjectConfigurationPlatforms) = postSolution
		{80C483D5-9946-4F4D-8809-98DF72209D0B}.Debug|Any CPU.ActiveCfg = Debug|Any CPU
		{80C483D5-9946-4F4D-8809-98DF72209D0B}.Debug|Any CPU.Build.0 = Debug|Any CPU
		{80C483D5-9946-4F4D-8809-98DF72209D0B}.Release|Any CPU.ActiveCfg = Release|Any CPU
		{80C483D5-9946-4F4D-8809-98DF72209D0B}.Release|Any CPU.Build.0 = Release|Any CPU
		{20DEB2F2-8CAA-425C-8544-1F51EB9074DD}.Debug|Any CPU.ActiveCfg = Debug|Any CPU
		{20DEB2F2-8CAA-425C-8544-1F51EB9074DD}.Debug|Any CPU.Build.0 = Debug|Any CPU
		{20DEB2F2-8CAA-425C-8544-1F51EB9074DD}.Release|Any CPU.ActiveCfg = Release|Any CPU
		{20DEB2F2-8CAA-425C-8544-1F51EB9074DD}.Release|Any CPU.Build.0 = Release|Any CPU
		{14F290A2-E5F2-4C8E-BE09-9C81FDD00F67}.Debug|Any CPU.ActiveCfg = Debug|Any CPU
		{14F290A2-E5F2-4C8E-BE09-9C81FDD00F67}.Debug|Any CPU.Build.0 = Debug|Any CPU
		{14F290A2-E5F2-4C8E-BE09-9C81FDD00F67}.Release|Any CPU.ActiveCfg = Release|Any CPU
		{14F290A2-E5F2-4C8E-BE09-9C81FDD00F67}.Release|Any CPU.Build.0 = Release|Any CPU
		{37204167-D776-46D5-BA1A-7E7C869C6D11}.Debug|Any CPU.ActiveCfg = Debug|Any CPU
		{37204167-D776-46D5-BA1A-7E7C869C6D11}.Debug|Any CPU.Build.0 = Debug|Any CPU
		{37204167-D776-46D5-BA1A-7E7C869C6D11}.Release|Any CPU.ActiveCfg = Release|Any CPU
		{37204167-D776-46D5-BA1A-7E7C869C6D11}.Release|Any CPU.Build.0 = Release|Any CPU
		{38DA32FC-56C3-4C21-8797-AFE216AC810D}.Debug|Any CPU.ActiveCfg = Debug|Any CPU
		{38DA32FC-56C3-4C21-8797-AFE216AC810D}.Debug|Any CPU.Build.0 = Debug|Any CPU
		{38DA32FC-56C3-4C21-8797-AFE216AC810D}.Release|Any CPU.ActiveCfg = Release|Any CPU
		{38DA32FC-56C3-4C21-8797-AFE216AC810D}.Release|Any CPU.Build.0 = Release|Any CPU
		{CE65D550-810D-4B60-8663-FE052EB8B52A}.Debug|Any CPU.ActiveCfg = Debug|Any CPU
		{CE65D550-810D-4B60-8663-FE052EB8B52A}.Debug|Any CPU.Build.0 = Debug|Any CPU
		{CE65D550-810D-4B60-8663-FE052EB8B52A}.Release|Any CPU.ActiveCfg = Release|Any CPU
		{CE65D550-810D-4B60-8663-FE052EB8B52A}.Release|Any CPU.Build.0 = Release|Any CPU
		{FC762FBD-C78F-4513-ABFA-D7644C4A37C4}.Debug|Any CPU.ActiveCfg = Debug|Any CPU
		{FC762FBD-C78F-4513-ABFA-D7644C4A37C4}.Debug|Any CPU.Build.0 = Debug|Any CPU
		{FC762FBD-C78F-4513-ABFA-D7644C4A37C4}.Release|Any CPU.ActiveCfg = Release|Any CPU
		{FC762FBD-C78F-4513-ABFA-D7644C4A37C4}.Release|Any CPU.Build.0 = Release|Any CPU
		{11EC4FD0-E639-4633-A179-498A47288B5F}.Debug|Any CPU.ActiveCfg = Debug|Any CPU
		{11EC4FD0-E639-4633-A179-498A47288B5F}.Debug|Any CPU.Build.0 = Debug|Any CPU
		{11EC4FD0-E639-4633-A179-498A47288B5F}.Release|Any CPU.ActiveCfg = Release|Any CPU
		{11EC4FD0-E639-4633-A179-498A47288B5F}.Release|Any CPU.Build.0 = Release|Any CPU
	EndGlobalSection
	GlobalSection(SolutionProperties) = preSolution
		HideSolutionNode = FALSE
	EndGlobalSection
	GlobalSection(NestedProjects) = preSolution
		{80C483D5-9946-4F4D-8809-98DF72209D0B} = {7AD3E9A1-9BED-44C6-87E8-A66E3E1D61B4}
		{20DEB2F2-8CAA-425C-8544-1F51EB9074DD} = {7AD3E9A1-9BED-44C6-87E8-A66E3E1D61B4}
		{14F290A2-E5F2-4C8E-BE09-9C81FDD00F67} = {F03C860E-539E-4EFD-9A15-FC08BC29562D}
		{37204167-D776-46D5-BA1A-7E7C869C6D11} = {7AD3E9A1-9BED-44C6-87E8-A66E3E1D61B4}
		{38DA32FC-56C3-4C21-8797-AFE216AC810D} = {F03C860E-539E-4EFD-9A15-FC08BC29562D}
		{F03C860E-539E-4EFD-9A15-FC08BC29562D} = {7AD3E9A1-9BED-44C6-87E8-A66E3E1D61B4}
		{CE65D550-810D-4B60-8663-FE052EB8B52A} = {7AD3E9A1-9BED-44C6-87E8-A66E3E1D61B4}
		{FC762FBD-C78F-4513-ABFA-D7644C4A37C4} = {F03C860E-539E-4EFD-9A15-FC08BC29562D}
		{11EC4FD0-E639-4633-A179-498A47288B5F} = {7AD3E9A1-9BED-44C6-87E8-A66E3E1D61B4}
		{905CCD8A-8313-4FF6-95A7-640CD850484A} = {64FDCBFC-E220-4297-8B28-63521B376333}
		{6AE80060-9A5F-4946-84E5-14C4431FFEEF} = {64FDCBFC-E220-4297-8B28-63521B376333}
		{CF4955D7-EE8D-4B8C-9553-9C6E0FC0216B} = {64FDCBFC-E220-4297-8B28-63521B376333}
	EndGlobalSection
	GlobalSection(ExtensibilityGlobals) = postSolution
		SolutionGuid = {3EF1B604-4B4F-4C3A-A830-379FDF73CE35}
	EndGlobalSection
EndGlobal
